
Microsoft Visual Studio Solution File, Format Version 12.00
# Visual Studio Version 17
VisualStudioVersion = 17.14.36202.13 d17.14
MinimumVisualStudioVersion = 10.0.40219.1
Project("{FAE04EC0-301F-11D3-BF4B-00C04F79EFBC}") = "Digiturno1", "Digiturno1\Digiturno1.csproj", "{8F4A4443-0EF1-4577-86BD-3423FDA714DB}"
EndProject
Global
	GlobalSection(SolutionConfigurationPlatforms) = preSolution
		Debug|Any CPU = Debug|Any CPU
		Release|Any CPU = Release|Any CPU
	EndGlobalSection
	GlobalSection(ProjectConfigurationPlatforms) = postSolution
		{8F4A4443-0EF1-4577-86BD-3423FDA714DB}.Debug|Any CPU.ActiveCfg = Debug|Any CPU
		{8F4A4443-0EF1-4577-86BD-3423FDA714DB}.Debug|Any CPU.Build.0 = Debug|Any CPU
		{8F4A4443-0EF1-4577-86BD-3423FDA714DB}.Release|Any CPU.ActiveCfg = Release|Any CPU
		{8F4A4443-0EF1-4577-86BD-3423FDA714DB}.Release|Any CPU.Build.0 = Release|Any CPU
	EndGlobalSection
	GlobalSection(SolutionProperties) = preSolution
		HideSolutionNode = FALSE
	EndGlobalSection
	GlobalSection(ExtensibilityGlobals) = postSolution
		SolutionGuid = {5FBE1A2F-7AC9-4233-9D36-4C65F831C9EC}
	EndGlobalSection
EndGlobal
